
Microsoft Visual Studio Solution File, Format Version 12.00
# Visual Studio Version 17
VisualStudioVersion = 17.2.32526.322
MinimumVisualStudioVersion = 10.0.40219.1
Project("{9A19103F-16F7-4668-BE54-9A1E7A4F7556}") = "TheVision", "TheVision.csproj", "{0EF909D6-292A-4AEE-9EAC-B9E7D7B1759C}"
EndProject
Global
	GlobalSection(SolutionConfigurationPlatforms) = preSolution
		Debug|Any CPU = Debug|Any CPU
		Release|Any CPU = Release|Any CPU
	EndGlobalSection
	GlobalSection(ProjectConfigurationPlatforms) = postSolution
		{0EF909D6-292A-4AEE-9EAC-B9E7D7B1759C}.Debug|Any CPU.ActiveCfg = Debug|Any CPU
		{0EF909D6-292A-4AEE-9EAC-B9E7D7B1759C}.Debug|Any CPU.Build.0 = Debug|Any CPU
		{0EF909D6-292A-4AEE-9EAC-B9E7D7B1759C}.Release|Any CPU.ActiveCfg = Release|Any CPU
		{0EF909D6-292A-4AEE-9EAC-B9E7D7B1759C}.Release|Any CPU.Build.0 = Release|Any CPU
	EndGlobalSection
	GlobalSection(SolutionProperties) = preSolution
		HideSolutionNode = FALSE
	EndGlobalSection
	GlobalSection(ExtensibilityGlobals) = postSolution
		SolutionGuid = {4142C04B-4D35-4EF0-B8D3-C090FCF6497E}
	EndGlobalSection
EndGlobal
